# THIS IS AN AUTOGENERATED FILE. DO NOT EDIT THIS FILE DIRECTLY.
# yarn lockfile v1


"@babel/runtime@^7.6.3":
  version "7.11.2"
  resolved "http://npm.taimei.com:80/@babel%2fruntime/-/runtime-7.11.2.tgz#f549c13c754cc40b87644b9fa9f09a6a95fe0736"
  integrity sha1-9UnBPHVMxAuHZEufqfCaapX+BzY=
  dependencies:
    regenerator-runtime "^0.13.4"

"@types/raf@^3.4.0":
  version "3.4.0"
  resolved "http://npm.taimei.com:80/@types%2fraf/-/raf-3.4.0.tgz#2b72cbd55405e071f1c4d29992638e022b20acc2"
  integrity sha1-K3LL1VQF4HHxxNKZkmOOAisgrMI=

atob@^2.1.2:
  version "2.1.2"
  resolved "http://npm.taimei.com:80/atob/-/atob-2.1.2.tgz#6d9517eb9e030d2436666651e86bd9f6f13533c9"
  integrity sha1-bZUX654DDSQ2ZmZR6GvZ9vE1M8k=

base64-arraybuffer@^0.2.0:
  version "0.2.0"
  resolved "http://npm.taimei.com:80/base64-arraybuffer/-/base64-arraybuffer-0.2.0.tgz#4b944fac0191aa5907afe2d8c999ccc57ce80f45"
  integrity sha1-S5RPrAGRqlkHr+LYyZnMxXzoD0U=

btoa@^1.2.1:
  version "1.2.1"
  resolved "http://npm.taimei.com:80/btoa/-/btoa-1.2.1.tgz#01a9909f8b2c93f6bf680ba26131eb30f7fa3d73"
  integrity sha1-AamQn4ssk/a/aAuiYTHrMPf6PXM=

canvg@^3.0.6:
  version "3.0.6"
  resolved "http://npm.taimei.com:80/canvg/-/canvg-3.0.6.tgz#4f82a34acc433daa06c494fc255420cbbb05f903"
  integrity sha1-T4KjSsxDPaoGxJT8JVQgy7sF+QM=
  dependencies:
    "@babel/runtime" "^7.6.3"
    "@types/raf" "^3.4.0"
    core-js "3"
    raf "^3.4.1"
    rgbcolor "^1.0.1"
    stackblur-canvas "^2.0.0"

core-js@3, core-js@^3.6.0:
  version "3.6.5"
  resolved "http://npm.taimei.com:80/core-js/-/core-js-3.6.5.tgz#7395dc273af37fb2e50e9bd3d9fe841285231d1a"
  integrity sha1-c5XcJzrzf7LlDpvT2f6EEoUjHRo=

css-line-break@1.1.1:
  version "1.1.1"
  resolved "http://npm.taimei.com:80/css-line-break/-/css-line-break-1.1.1.tgz#d5e9bdd297840099eb0503c7310fd34927a026ef"
  integrity sha1-1em90peEAJnrBQPHMQ/TSSegJu8=
  dependencies:
    base64-arraybuffer "^0.2.0"

dompurify@^2.0.12:
  version "2.1.1"
  resolved "http://npm.taimei.com:80/dompurify/-/dompurify-2.1.1.tgz#b5aa988676b093a9c836d8b855680a8598af25fe"
  integrity sha1-taqYhnawk6nINti4VWgKhZivJf4=

html2canvas@^1.0.0-rc.5:
  version "1.0.0-rc.7"
  resolved "http://npm.taimei.com:80/html2canvas/-/html2canvas-1.0.0-rc.7.tgz#70c159ce0e63954a91169531894d08ad5627ac98"
  integrity sha1-cMFZzg5jlUqRFpUxiU0IrVYnrJg=
  dependencies:
    css-line-break "1.1.1"

jspdf@^2.1.1:
  version "2.1.1"
  resolved "http://npm.taimei.com:80/jspdf/-/jspdf-2.1.1.tgz#4ee5b694eeceb24acd25b98e37a24ce94b1ccc67"
  integrity sha1-TuW2lO7OskrNJbmON6JM6UsczGc=
  dependencies:
    atob "^2.1.2"
    btoa "^1.2.1"
  optionalDependencies:
    canvg "^3.0.6"
    core-js "^3.6.0"
    dompurify "^2.0.12"
    html2canvas "^1.0.0-rc.5"

performance-now@^2.1.0:
  version "2.1.0"
  resolved "http://npm.taimei.com:80/performance-now/-/performance-now-2.1.0.tgz#6309f4e0e5fa913ec1c69307ae364b4b377c9e7b"
  integrity sha1-Ywn04OX6kT7BxpMHrjZLSzd8nns=

raf@^3.4.1:
  version "3.4.1"
  resolved "http://npm.taimei.com:80/raf/-/raf-3.4.1.tgz#0742e99a4a6552f445d73e3ee0328af0ff1ede39"
  integrity sha1-B0LpmkplUvRF1z4+4DKK8P8e3jk=
  dependencies:
    performance-now "^2.1.0"

regenerator-runtime@^0.13.4:
  version "0.13.7"
  resolved "http://npm.taimei.com:80/regenerator-runtime/-/regenerator-runtime-0.13.7.tgz#cac2dacc8a1ea675feaabaeb8ae833898ae46f55"
  integrity sha1-ysLazIoepnX+qrrriugziYrkb1U=

rgbcolor@^1.0.1:
  version "1.0.1"
  resolved "http://npm.taimei.com:80/rgbcolor/-/rgbcolor-1.0.1.tgz#d6505ecdb304a6595da26fa4b43307306775945d"
  integrity sha1-1lBezbMEplldom+ktDMHMGd1lF0=

stackblur-canvas@^2.0.0:
  version "2.4.0"
  resolved "http://npm.taimei.com:80/stackblur-canvas/-/stackblur-canvas-2.4.0.tgz#2b2eba910cb46f6feae918e1c402f863d602c01b"
  integrity sha1-Ky66kQy0b2/q6RjhxAL4Y9YCwBs=
